
Microsoft Visual Studio Solution File, Format Version 12.00
# Visual Studio Version 16
VisualStudioVersion = 25.0.1706.10
MinimumVisualStudioVersion = 10.0.40219.1
Project("{FAE04EC0-301F-11D3-BF4B-00C04F79EFBC}") = "ProductsAPI", "ProductsAPI\ProductsAPI.csproj", "{6C5D3021-EDD8-4460-ABE3-055C4B8AB9E6}"
EndProject
Project("{FAE04EC0-301F-11D3-BF4B-00C04F79EFBC}") = "ProductsAPI.Tests", "ProductsAPI.Tests\ProductsAPI.Tests.csproj", "{CD05B5AF-BFE7-4E4F-B011-69D5C15621FD}"
EndProject
Global
	GlobalSection(SolutionConfigurationPlatforms) = preSolution
		Debug|Any CPU = Debug|Any CPU
		Release|Any CPU = Release|Any CPU
	EndGlobalSection
	GlobalSection(ProjectConfigurationPlatforms) = postSolution
		{6C5D3021-EDD8-4460-ABE3-055C4B8AB9E6}.Debug|Any CPU.ActiveCfg = Debug|Any CPU
		{6C5D3021-EDD8-4460-ABE3-055C4B8AB9E6}.Debug|Any CPU.Build.0 = Debug|Any CPU
		{6C5D3021-EDD8-4460-ABE3-055C4B8AB9E6}.Release|Any CPU.ActiveCfg = Release|Any CPU
		{6C5D3021-EDD8-4460-ABE3-055C4B8AB9E6}.Release|Any CPU.Build.0 = Release|Any CPU
		{CD05B5AF-BFE7-4E4F-B011-69D5C15621FD}.Debug|Any CPU.ActiveCfg = Debug|Any CPU
		{CD05B5AF-BFE7-4E4F-B011-69D5C15621FD}.Debug|Any CPU.Build.0 = Debug|Any CPU
		{CD05B5AF-BFE7-4E4F-B011-69D5C15621FD}.Release|Any CPU.ActiveCfg = Release|Any CPU
		{CD05B5AF-BFE7-4E4F-B011-69D5C15621FD}.Release|Any CPU.Build.0 = Release|Any CPU
	EndGlobalSection
	GlobalSection(SolutionProperties) = preSolution
		HideSolutionNode = FALSE
	EndGlobalSection
	GlobalSection(ExtensibilityGlobals) = postSolution
		SolutionGuid = {1F3D2D77-04A3-4B6C-99DF-94B101715B23}
	EndGlobalSection
EndGlobal
